PODS:
  - BugImageCreator (0.4.0-beta1)
  - DebugHead (0.2.0-beta1):
    - BugImageCreator (~> 0.4.0-beta1)

DEPENDENCIES:
  - BugImageCreator (from `https://github.com/malt03/BugImageCreator.git`, tag `0.4.0-beta1`)
  - DebugHead (from `../`)

EXTERNAL SOURCES:
  BugImageCreator:
    :git: https://github.com/malt03/BugImageCreator.git
    :tag: 0.4.0-beta1
  DebugHead:
    :path: "../"

CHECKOUT OPTIONS:
  BugImageCreator:
    :git: https://github.com/malt03/BugImageCreator.git
    :tag: 0.4.0-beta1

SPEC CHECKSUMS:
  BugImageCreator: 60626f7dd94624d1957318795bd51aa36ff8e8a1
  DebugHead: 6545b1c1766a548eaa9ae34a4b8ab0afe5da8607

PODFILE CHECKSUM: 84051b34262ac4f57413fb238dac107bbc908047

COCOAPODS: 1.1.0.beta.1
