PODS:
  - BugImageCreator (1.0.5)
  - DebugHead (3.0.0):
    - BugImageCreator (~> 1.0.0)

DEPENDENCIES:
  - DebugHead (from `../`)

SPEC REPOS:
  https://github.com/CocoaPods/Specs.git:
    - BugImageCreator

EXTERNAL SOURCES:
  DebugHead:
    :path: "../"

SPEC CHECKSUMS:
  BugImageCreator: ab59fd51554107df94c56b9e4b8cfdb2f98d038e
  DebugHead: 163106595255f5569865893c48adbb7737f96b8a

PODFILE CHECKSUM: 8f65d62eca0437d5d008edbc7ea3dff641271c44

COCOAPODS: 1.9.1
