PODS:
  - BugImageCreator (1.0.0)
  - DebugHead (2.1.1):
    - BugImageCreator (~> 1.0.0)

DEPENDENCIES:
  - DebugHead (from `../`)

EXTERNAL SOURCES:
  DebugHead:
    :path: "../"

SPEC CHECKSUMS:
  BugImageCreator: 7b33b0fad9a8764ce2da02a0d69b1acfe2ee6360
  DebugHead: 48857f0eaa2fb1e05715c04346461f72730ab43c

PODFILE CHECKSUM: faf36ce0f66129a64c5b6780751a811407098230

COCOAPODS: 1.2.0
